// !$*UTF8*$!
{
	archiveVersion = 1;
	classes = {
	};
	objectVersion = 48;
	objects = {

/* Begin PBXBuildFile section */
		98C0D8942019760400E4DFA9 /* AppDelegate.swift in Sources */ = {isa = PBXBuildFile; fileRef = 98C0D8932019760400E4DFA9 /* AppDelegate.swift */; };
		98C0D8962019760400E4DFA9 /* ViewController.swift in Sources */ = {isa = PBXBuildFile; fileRef = 98C0D8952019760400E4DFA9 /* ViewController.swift */; };
		98C0D8992019760400E4DFA9 /* Main.storyboard in Resources */ = {isa = PBXBuildFile; fileRef = 98C0D8972019760400E4DFA9 /* Main.storyboard */; };
		98C0D89B2019760400E4DFA9 /* Assets.xcassets in Resources */ = {isa = PBXBuildFile; fileRef = 98C0D89A2019760400E4DFA9 /* Assets.xcassets */; };
		98C0D89E2019760400E4DFA9 /* LaunchScreen.storyboard in Resources */ = {isa = PBXBuildFile; fileRef = 98C0D89C2019760400E4DFA9 /* LaunchScreen.storyboard */; };
		98C0D8A82019795A00E4DFA9 /* SWRevealViewController.m in Sources */ = {isa = PBXBuildFile; fileRef = 98C0D8A72019795A00E4DFA9 /* SWRevealViewController.m */; };
		98C0D8AF20197ACE00E4DFA9 /* FrontViewController.swift in Sources */ = {isa = PBXBuildFile; fileRef = 98C0D8AE20197ACE00E4DFA9 /* FrontViewController.swift */; };
/* End PBXBuildFile section */

/* Begin PBXFileReference section */
		98C0D8902019760400E4DFA9 /* sidebar.app */ = {isa = PBXFileReference; explicitFileType = wrapper.application; includeInIndex = 0; path = sidebar.app; sourceTree = BUILT_PRODUCTS_DIR; };
		98C0D8932019760400E4DFA9 /* AppDelegate.swift */ = {isa = PBXFileReference; lastKnownFileType = sourcecode.swift; path = AppDelegate.swift; sourceTree = "<group>"; };
		98C0D8952019760400E4DFA9 /* ViewController.swift */ = {isa = PBXFileReference; lastKnownFileType = sourcecode.swift; path = ViewController.swift; sourceTree = "<group>"; };
		98C0D8982019760400E4DFA9 /* Base */ = {isa = PBXFileReference; lastKnownFileType = file.storyboard; name = Base; path = Base.lproj/Main.storyboard; sourceTree = "<group>"; };
		98C0D89A2019760400E4DFA9 /* Assets.xcassets */ = {isa = PBXFileReference; lastKnownFileType = folder.assetcatalog; path = Assets.xcassets; sourceTree = "<group>"; };
		98C0D89D2019760400E4DFA9 /* Base */ = {isa = PBXFileReference; lastKnownFileType = file.storyboard; name = Base; path = Base.lproj/LaunchScreen.storyboard; sourceTree = "<group>"; };
		98C0D89F2019760400E4DFA9 /* Info.plist */ = {isa = PBXFileReference; lastKnownFileType = text.plist.xml; path = Info.plist; sourceTree = "<group>"; };
		98C0D8A52019795900E4DFA9 /* sidebar-Bridging-Header.h */ = {isa = PBXFileReference; lastKnownFileType = sourcecode.c.h; path = "sidebar-Bridging-Header.h"; sourceTree = "<group>"; };
		98C0D8A62019795A00E4DFA9 /* SWRevealViewController.h */ = {isa = PBXFileReference; fileEncoding = 4; lastKnownFileType = sourcecode.c.h; path = SWRevealViewController.h; sourceTree = "<group>"; };
		98C0D8A72019795A00E4DFA9 /* SWRevealViewController.m */ = {isa = PBXFileReference; fileEncoding = 4; lastKnownFileType = sourcecode.c.objc; path = SWRevealViewController.m; sourceTree = "<group>"; };
		98C0D8AE20197ACE00E4DFA9 /* FrontViewController.swift */ = {isa = PBXFileReference; lastKnownFileType = sourcecode.swift; path = FrontViewController.swift; sourceTree = "<group>"; };
/* End PBXFileReference section */

/* Begin PBXFrameworksBuildPhase section */
		98C0D88D2019760400E4DFA9 /* Frameworks */ = {
			isa = PBXFrameworksBuildPhase;
			buildActionMask = 2147483647;
			files = (
			);
			runOnlyForDeploymentPostprocessing = 0;
		};
/* End PBXFrameworksBuildPhase section */

/* Begin PBXGroup section */
		98C0D8872019760400E4DFA9 = {
			isa = PBXGroup;
			children = (
				98C0D8922019760400E4DFA9 /* sidebar */,
				98C0D8912019760400E4DFA9 /* Products */,
			);
			sourceTree = "<group>";
		};
		98C0D8912019760400E4DFA9 /* Products */ = {
			isa = PBXGroup;
			children = (
				98C0D8902019760400E4DFA9 /* sidebar.app */,
			);
			name = Products;
			sourceTree = "<group>";
		};
		98C0D8922019760400E4DFA9 /* sidebar */ = {
			isa = PBXGroup;
			children = (
				98C0D8932019760400E4DFA9 /* AppDelegate.swift */,
				98C0D8A92019796600E4DFA9 /* Libraries */,
				98C0D8AB2019798700E4DFA9 /* Resources */,
				98C0D8AC2019798C00E4DFA9 /* Sources */,
				98C0D89F2019760400E4DFA9 /* Info.plist */,
				98C0D8A52019795900E4DFA9 /* sidebar-Bridging-Header.h */,
			);
			path = sidebar;
			sourceTree = "<group>";
		};
		98C0D8A92019796600E4DFA9 /* Libraries */ = {
			isa = PBXGroup;
			children = (
				98C0D8AA2019797100E4DFA9 /* SWRevealViewController */,
			);
			path = Libraries;
			sourceTree = "<group>";
		};
		98C0D8AA2019797100E4DFA9 /* SWRevealViewController */ = {
			isa = PBXGroup;
			children = (
				98C0D8A62019795A00E4DFA9 /* SWRevealViewController.h */,
				98C0D8A72019795A00E4DFA9 /* SWRevealViewController.m */,
			);
			path = SWRevealViewController;
			sourceTree = "<group>";
		};
		98C0D8AB2019798700E4DFA9 /* Resources */ = {
			isa = PBXGroup;
			children = (
				98C0D8972019760400E4DFA9 /* Main.storyboard */,
				98C0D89C2019760400E4DFA9 /* LaunchScreen.storyboard */,
				98C0D89A2019760400E4DFA9 /* Assets.xcassets */,
			);
			path = Resources;
			sourceTree = "<group>";
		};
		98C0D8AC2019798C00E4DFA9 /* Sources */ = {
			isa = PBXGroup;
			children = (
				98C0D8AD2019799100E4DFA9 /* ViewControllers */,
			);
			path = Sources;
			sourceTree = "<group>";
		};
		98C0D8AD2019799100E4DFA9 /* ViewControllers */ = {
			isa = PBXGroup;
			children = (
				98C0D8952019760400E4DFA9 /* ViewController.swift */,
				98C0D8AE20197ACE00E4DFA9 /* FrontViewController.swift */,
			);
			path = ViewControllers;
			sourceTree = "<group>";
		};
/* End PBXGroup section */

/* Begin PBXNativeTarget section */
		98C0D88F2019760400E4DFA9 /* sidebar */ = {
			isa = PBXNativeTarget;
			buildConfigurationList = 98C0D8A22019760400E4DFA9 /* Build configuration list for PBXNativeTarget "sidebar" */;
			buildPhases = (
				98C0D88C2019760400E4DFA9 /* Sources */,
				98C0D88D2019760400E4DFA9 /* Frameworks */,
				98C0D88E2019760400E4DFA9 /* Resources */,
			);
			buildRules = (
			);
			dependencies = (
			);
			name = sidebar;
			productName = sidebar;
			productReference = 98C0D8902019760400E4DFA9 /* sidebar.app */;
			productType = "com.apple.product-type.application";
		};
/* End PBXNativeTarget section */

/* Begin PBXProject section */
		98C0D8882019760400E4DFA9 /* Project object */ = {
			isa = PBXProject;
			attributes = {
				LastSwiftUpdateCheck = 0920;
				LastUpgradeCheck = 0920;
				ORGANIZATIONNAME = k1mtruth;
				TargetAttributes = {
					98C0D88F2019760400E4DFA9 = {
						CreatedOnToolsVersion = 9.2;
						LastSwiftMigration = 0920;
						ProvisioningStyle = Automatic;
					};
				};
			};
			buildConfigurationList = 98C0D88B2019760400E4DFA9 /* Build configuration list for PBXProject "sidebar" */;
			compatibilityVersion = "Xcode 8.0";
			developmentRegion = en;
			hasScannedForEncodings = 0;
			knownRegions = (
				en,
				Base,
			);
			mainGroup = 98C0D8872019760400E4DFA9;
			productRefGroup = 98C0D8912019760400E4DFA9 /* Products */;
			projectDirPath = "";
			projectRoot = "";
			targets = (
				98C0D88F2019760400E4DFA9 /* sidebar */,
			);
		};
/* End PBXProject section */

/* Begin PBXResourcesBuildPhase section */
		98C0D88E2019760400E4DFA9 /* Resources */ = {
			isa = PBXResourcesBuildPhase;
			buildActionMask = 2147483647;
			files = (
				98C0D89E2019760400E4DFA9 /* LaunchScreen.storyboard in Resources */,
				98C0D89B2019760400E4DFA9 /* Assets.xcassets in Resources */,
				98C0D8992019760400E4DFA9 /* Main.storyboard in Resources */,
			);
			runOnlyForDeploymentPostprocessing = 0;
		};
/* End PBXResourcesBuildPhase section */

/* Begin PBXSourcesBuildPhase section */
		98C0D88C2019760400E4DFA9 /* Sources */ = {
			isa = PBXSourcesBuildPhase;
			buildActionMask = 2147483647;
			files = (
				98C0D8962019760400E4DFA9 /* ViewController.swift in Sources */,
				98C0D8942019760400E4DFA9 /* AppDelegate.swift in Sources */,
				98C0D8A82019795A00E4DFA9 /* SWRevealViewController.m in Sources */,
				98C0D8AF20197ACE00E4DFA9 /* FrontViewController.swift in Sources */,
			);
			runOnlyForDeploymentPostprocessing = 0;
		};
/* End PBXSourcesBuildPhase section */

/* Begin PBXVariantGroup section */
		98C0D8972019760400E4DFA9 /* Main.storyboard */ = {
			isa = PBXVariantGroup;
			children = (
				98C0D8982019760400E4DFA9 /* Base */,
			);
			name = Main.storyboard;
			sourceTree = "<group>";
		};
		98C0D89C2019760400E4DFA9 /* LaunchScreen.storyboard */ = {
			isa = PBXVariantGroup;
			children = (
				98C0D89D2019760400E4DFA9 /* Base */,
			);
			name = LaunchScreen.storyboard;
			sourceTree = "<group>";
		};
/* End PBXVariantGroup section */

/* Begin XCBuildConfiguration section */
		98C0D8A02019760400E4DFA9 /* Debug */ = {
			isa = XCBuildConfiguration;
			buildSettings = {
				ALWAYS_SEARCH_USER_PATHS = NO;
				CLANG_ANALYZER_NONNULL = YES;
				CLANG_ANALYZER_NUMBER_OBJECT_CONVERSION = YES_AGGRESSIVE;
				CLANG_CXX_LANGUAGE_STANDARD = "gnu++14";
				CLANG_CXX_LIBRARY = "libc++";
				CLANG_ENABLE_MODULES = YES;
				CLANG_ENABLE_OBJC_ARC = YES;
				CLANG_WARN_BLOCK_CAPTURE_AUTORELEASING = YES;
				CLANG_WARN_BOOL_CONVERSION = YES;
				CLANG_WARN_COMMA = YES;
				CLANG_WARN_CONSTANT_CONVERSION = YES;
				CLANG_WARN_DIRECT_OBJC_ISA_USAGE = YES_ERROR;
				CLANG_WARN_DOCUMENTATION_COMMENTS = YES;
				CLANG_WARN_EMPTY_BODY = YES;
				CLANG_WARN_ENUM_CONVERSION = YES;
				CLANG_WARN_INFINITE_RECURSION = YES;
				CLANG_WARN_INT_CONVERSION = YES;
				CLANG_WARN_NON_LITERAL_NULL_CONVERSION = YES;
				CLANG_WARN_OBJC_LITERAL_CONVERSION = YES;
				CLANG_WARN_OBJC_ROOT_CLASS = YES_ERROR;
				CLANG_WARN_RANGE_LOOP_ANALYSIS = YES;
				CLANG_WARN_STRICT_PROTOTYPES = YES;
				CLANG_WARN_SUSPICIOUS_MOVE = YES;
				CLANG_WARN_UNGUARDED_AVAILABILITY = YES_AGGRESSIVE;
				CLANG_WARN_UNREACHABLE_CODE = YES;
				CLANG_WARN__DUPLICATE_METHOD_MATCH = YES;
				CODE_SIGN_IDENTITY = "iPhone Developer";
				COPY_PHASE_STRIP = NO;
				DEBUG_INFORMATION_FORMAT = dwarf;
				ENABLE_STRICT_OBJC_MSGSEND = YES;
				ENABLE_TESTABILITY = YES;
				GCC_C_LANGUAGE_STANDARD = gnu11;
				GCC_DYNAMIC_NO_PIC = NO;
				GCC_NO_COMMON_BLOCKS = YES;
				GCC_OPTIMIZATION_LEVEL = 0;
				GCC_PREPROCESSOR_DEFINITIONS = (
					"DEBUG=1",
					"$(inherited)",
				);
				GCC_WARN_64_TO_32_BIT_CONVERSION = YES;
				GCC_WARN_ABOUT_RETURN_TYPE = YES_ERROR;
				GCC_WARN_UNDECLARED_SELECTOR = YES;
				GCC_WARN_UNINITIALIZED_AUTOS = YES_AGGRESSIVE;
				GCC_WARN_UNUSED_FUNCTION = YES;
				GCC_WARN_UNUSED_VARIABLE = YES;
				IPHONEOS_DEPLOYMENT_TARGET = 11.2;
				MTL_ENABLE_DEBUG_INFO = YES;
				ONLY_ACTIVE_ARCH = YES;
				SDKROOT = iphoneos;
				SWIFT_ACTIVE_COMPILATION_CONDITIONS = DEBUG;
				SWIFT_OPTIMIZATION_LEVEL = "-Onone";
			};
			name = Debug;
		};
		98C0D8A12019760400E4DFA9 /* Release */ = {
			isa = XCBuildConfiguration;
			buildSettings = {
				ALWAYS_SEARCH_USER_PATHS = NO;
				CLANG_ANALYZER_NONNULL = YES;
				CLANG_ANALYZER_NUMBER_OBJECT_CONVERSION = YES_AGGRESSIVE;
				CLANG_CXX_LANGUAGE_STANDARD = "gnu++14";
				CLANG_CXX_LIBRARY = "libc++";
				CLANG_ENABLE_MODULES = YES;
				CLANG_ENABLE_OBJC_ARC = YES;
				CLANG_WARN_BLOCK_CAPTURE_AUTORELEASING = YES;
				CLANG_WARN_BOOL_CONVERSION = YES;
				CLANG_WARN_COMMA = YES;
				CLANG_WARN_CONSTANT_CONVERSION = YES;
				CLANG_WARN_DIRECT_OBJC_ISA_USAGE = YES_ERROR;
				CLANG_WARN_DOCUMENTATION_COMMENTS = YES;
				CLANG_WARN_EMPTY_BODY = YES;
				CLANG_WARN_ENUM_CONVERSION = YES;
				CLANG_WARN_INFINITE_RECURSION = YES;
				CLANG_WARN_INT_CONVERSION = YES;
				CLANG_WARN_NON_LITERAL_NULL_CONVERSION = YES;
				CLANG_WARN_OBJC_LITERAL_CONVERSION = YES;
				CLANG_WARN_OBJC_ROOT_CLASS = YES_ERROR;
				CLANG_WARN_RANGE_LOOP_ANALYSIS = YES;
				CLANG_WARN_STRICT_PROTOTYPES = YES;
				CLANG_WARN_SUSPICIOUS_MOVE = YES;
				CLANG_WARN_UNGUARDED_AVAILABILITY = YES_AGGRESSIVE;
				CLANG_WARN_UNREACHABLE_CODE = YES;
				CLANG_WARN__DUPLICATE_METHOD_MATCH = YES;
				CODE_SIGN_IDENTITY = "iPhone Developer";
				COPY_PHASE_STRIP = NO;
				DEBUG_INFORMATION_FORMAT = "dwarf-with-dsym";
				ENABLE_NS_ASSERTIONS = NO;
				ENABLE_STRICT_OBJC_MSGSEND = YES;
				GCC_C_LANGUAGE_STANDARD = gnu11;
				GCC_NO_COMMON_BLOCKS = YES;
				GCC_WARN_64_TO_32_BIT_CONVERSION = YES;
				GCC_WARN_ABOUT_RETURN_TYPE = YES_ERROR;
				GCC_WARN_UNDECLARED_SELECTOR = YES;
				GCC_WARN_UNINITIALIZED_AUTOS = YES_AGGRESSIVE;
				GCC_WARN_UNUSED_FUNCTION = YES;
				GCC_WARN_UNUSED_VARIABLE = YES;
				IPHONEOS_DEPLOYMENT_TARGET = 11.2;
				MTL_ENABLE_DEBUG_INFO = NO;
				SDKROOT = iphoneos;
				SWIFT_OPTIMIZATION_LEVEL = "-Owholemodule";
				VALIDATE_PRODUCT = YES;
			};
			name = Release;
		};
		98C0D8A32019760400E4DFA9 /* Debug */ = {
			isa = XCBuildConfiguration;
			buildSettings = {
				ASSETCATALOG_COMPILER_APPICON_NAME = AppIcon;
				CLANG_ENABLE_MODULES = YES;
				CODE_SIGN_STYLE = Automatic;
				DEVELOPMENT_TEAM = Z79MDNXYJV;
				INFOPLIST_FILE = sidebar/Info.plist;
				LD_RUNPATH_SEARCH_PATHS = "$(inherited) @executable_path/Frameworks";
				PRODUCT_BUNDLE_IDENTIFIER = kr.mikumiku.sidebar;
				PRODUCT_NAME = "$(TARGET_NAME)";
				SWIFT_OBJC_BRIDGING_HEADER = "sidebar/sidebar-Bridging-Header.h";
				SWIFT_OPTIMIZATION_LEVEL = "-Onone";
				SWIFT_VERSION = 4.0;
				TARGETED_DEVICE_FAMILY = "1,2";
			};
			name = Debug;
		};
		98C0D8A42019760400E4DFA9 /* Release */ = {
			isa = XCBuildConfiguration;
			buildSettings = {
				ASSETCATALOG_COMPILER_APPICON_NAME = AppIcon;
				CLANG_ENABLE_MODULES = YES;
				CODE_SIGN_STYLE = Automatic;
				DEVELOPMENT_TEAM = Z79MDNXYJV;
				INFOPLIST_FILE = sidebar/Info.plist;
				LD_RUNPATH_SEARCH_PATHS = "$(inherited) @executable_path/Frameworks";
				PRODUCT_BUNDLE_IDENTIFIER = kr.mikumiku.sidebar;
				PRODUCT_NAME = "$(TARGET_NAME)";
				SWIFT_OBJC_BRIDGING_HEADER = "sidebar/sidebar-Bridging-Header.h";
				SWIFT_VERSION = 4.0;
				TARGETED_DEVICE_FAMILY = "1,2";
			};
			name = Release;
		};
/* End XCBuildConfiguration section */

/* Begin XCConfigurationList section */
		98C0D88B2019760400E4DFA9 /* Build configuration list for PBXProject "sidebar" */ = {
			isa = XCConfigurationList;
			buildConfigurations = (
				98C0D8A02019760400E4DFA9 /* Debug */,
				98C0D8A12019760400E4DFA9 /* Release */,
			);
			defaultConfigurationIsVisible = 0;
			defaultConfigurationName = Release;
		};
		98C0D8A22019760400E4DFA9 /* Build configuration list for PBXNativeTarget "sidebar" */ = {
			isa = XCConfigurationList;
			buildConfigurations = (
				98C0D8A32019760400E4DFA9 /* Debug */,
				98C0D8A42019760400E4DFA9 /* Release */,
			);
			defaultConfigurationIsVisible = 0;
			defaultConfigurationName = Release;
		};
/* End XCConfigurationList section */
	};
	rootObject = 98C0D8882019760400E4DFA9 /* Project object */;
}
